
Microsoft Visual Studio Solution File, Format Version 12.00
# Visual Studio Version 17
VisualStudioVersion = 17.8.34408.163
MinimumVisualStudioVersion = 10.0.40219.1
Project("{8BC9CEB8-8B4A-11D0-8D11-00A0C91BC942}") = "TextBasedAdventure", "TextBasedAdventure.vcxproj", "{57B24C8C-4065-4C4C-ACB7-D4896585F630}"
EndProject
Global
	GlobalSection(SolutionConfigurationPlatforms) = preSolution
		Debug|x64 = Debug|x64
		Debug|x86 = Debug|x86
		Release|x64 = Release|x64
		Release|x86 = Release|x86
	EndGlobalSection
	GlobalSection(ProjectConfigurationPlatforms) = postSolution
		{57B24C8C-4065-4C4C-ACB7-D4896585F630}.Debug|x64.ActiveCfg = Debug|x64
		{57B24C8C-4065-4C4C-ACB7-D4896585F630}.Debug|x64.Build.0 = Debug|x64
		{57B24C8C-4065-4C4C-ACB7-D4896585F630}.Debug|x86.ActiveCfg = Debug|Win32
		{57B24C8C-4065-4C4C-ACB7-D4896585F630}.Debug|x86.Build.0 = Debug|Win32
		{57B24C8C-4065-4C4C-ACB7-D4896585F630}.Release|x64.ActiveCfg = Release|x64
		{57B24C8C-4065-4C4C-ACB7-D4896585F630}.Release|x64.Build.0 = Release|x64
		{57B24C8C-4065-4C4C-ACB7-D4896585F630}.Release|x86.ActiveCfg = Release|Win32
		{57B24C8C-4065-4C4C-ACB7-D4896585F630}.Release|x86.Build.0 = Release|Win32
	EndGlobalSection
	GlobalSection(SolutionProperties) = preSolution
		HideSolutionNode = FALSE
	EndGlobalSection
	GlobalSection(ExtensibilityGlobals) = postSolution
		SolutionGuid = {CB30E14F-F7C9-4A47-A03D-1DC504140BED}
	EndGlobalSection
EndGlobal
